
Microsoft Visual Studio Solution File, Format Version 12.00
# Visual Studio 15
VisualStudioVersion = 15.0.26403.7
MinimumVisualStudioVersion = 10.0.40219.1
Project("{FAE04EC0-301F-11D3-BF4B-00C04F79EFBC}") = "NoNameApp.WEB", "NoNameApp.WEB\NoNameApp.WEB.csproj", "{5B7E8106-832F-48D2-810C-38664442A20C}"
	ProjectSection(ProjectDependencies) = postProject
		{34463C03-E4BD-44CE-996D-E7C6C440C8BE} = {34463C03-E4BD-44CE-996D-E7C6C440C8BE}
		{DD79DE16-F1E0-4F3D-AA7F-2991B644E3D7} = {DD79DE16-F1E0-4F3D-AA7F-2991B644E3D7}
		{91D8E82E-0103-4CFD-96C6-FC90DC2BB743} = {91D8E82E-0103-4CFD-96C6-FC90DC2BB743}
		{228338D4-132B-4520-9423-515F9F7AAE8A} = {228338D4-132B-4520-9423-515F9F7AAE8A}
	EndProjectSection
EndProject
Project("{FAE04EC0-301F-11D3-BF4B-00C04F79EFBC}") = "NoNameApp.DAL", "NoNameApp.DAL\NoNameApp.DAL.csproj", "{18258BAC-D705-4297-B625-1ACD9386B644}"
EndProject
Project("{FAE04EC0-301F-11D3-BF4B-00C04F79EFBC}") = "NoNameApp.BLL", "NoNameApp.BLL\NoNameApp.BLL.csproj", "{34463C03-E4BD-44CE-996D-E7C6C440C8BE}"
EndProject
Project("{FAE04EC0-301F-11D3-BF4B-00C04F79EFBC}") = "NoNameAppNinject", "NoNameAppNinject\NoNameAppNinject.csproj", "{228338D4-132B-4520-9423-515F9F7AAE8A}"
	ProjectSection(ProjectDependencies) = postProject
		{DD79DE16-F1E0-4F3D-AA7F-2991B644E3D7} = {DD79DE16-F1E0-4F3D-AA7F-2991B644E3D7}
		{36B78B6C-2A36-4033-A13D-1D46DD5F7409} = {36B78B6C-2A36-4033-A13D-1D46DD5F7409}
	EndProjectSection
EndProject
Project("{FAE04EC0-301F-11D3-BF4B-00C04F79EFBC}") = "NoNameApp.Entities", "NoNameApp.Entities\NoNameApp.Entities.csproj", "{91D8E82E-0103-4CFD-96C6-FC90DC2BB743}"
EndProject
Project("{FAE04EC0-301F-11D3-BF4B-00C04F79EFBC}") = "NoNameApp.LogicContracts", "NoNameApp.LogicContracts\NoNameApp.LogicContracts.csproj", "{DD79DE16-F1E0-4F3D-AA7F-2991B644E3D7}"
	ProjectSection(ProjectDependencies) = postProject
		{91D8E82E-0103-4CFD-96C6-FC90DC2BB743} = {91D8E82E-0103-4CFD-96C6-FC90DC2BB743}
	EndProjectSection
EndProject
Project("{FAE04EC0-301F-11D3-BF4B-00C04F79EFBC}") = "NoNameApp.Logic", "NoNameApp.Logic\NoNameApp.Logic.csproj", "{36B78B6C-2A36-4033-A13D-1D46DD5F7409}"
	ProjectSection(ProjectDependencies) = postProject
		{34463C03-E4BD-44CE-996D-E7C6C440C8BE} = {34463C03-E4BD-44CE-996D-E7C6C440C8BE}
		{DD79DE16-F1E0-4F3D-AA7F-2991B644E3D7} = {DD79DE16-F1E0-4F3D-AA7F-2991B644E3D7}
		{91D8E82E-0103-4CFD-96C6-FC90DC2BB743} = {91D8E82E-0103-4CFD-96C6-FC90DC2BB743}
		{18258BAC-D705-4297-B625-1ACD9386B644} = {18258BAC-D705-4297-B625-1ACD9386B644}
	EndProjectSection
EndProject
Project("{2150E333-8FDC-42A3-9474-1A3956D46DE8}") = "Business Logic", "Business Logic", "{7478780D-A729-4F86-9B36-60FBB35A3619}"
EndProject
Project("{2150E333-8FDC-42A3-9474-1A3956D46DE8}") = "Data Access", "Data Access", "{DA0CCF68-0DDF-4421-8FF1-1B1DC74DEC5F}"
EndProject
Project("{2150E333-8FDC-42A3-9474-1A3956D46DE8}") = "Common", "Common", "{9A45D8DE-7DBD-4BFA-AA38-6E190CD2475B}"
EndProject
Project("{2150E333-8FDC-42A3-9474-1A3956D46DE8}") = "Presentation", "Presentation", "{A9880E6A-EC4C-4832-92D0-F16C098BE622}"
EndProject
Global
	GlobalSection(SolutionConfigurationPlatforms) = preSolution
		Debug|Any CPU = Debug|Any CPU
		Release|Any CPU = Release|Any CPU
	EndGlobalSection
	GlobalSection(ProjectConfigurationPlatforms) = postSolution
		{5B7E8106-832F-48D2-810C-38664442A20C}.Debug|Any CPU.ActiveCfg = Debug|Any CPU
		{5B7E8106-832F-48D2-810C-38664442A20C}.Debug|Any CPU.Build.0 = Debug|Any CPU
		{5B7E8106-832F-48D2-810C-38664442A20C}.Release|Any CPU.ActiveCfg = Release|Any CPU
		{5B7E8106-832F-48D2-810C-38664442A20C}.Release|Any CPU.Build.0 = Release|Any CPU
		{18258BAC-D705-4297-B625-1ACD9386B644}.Debug|Any CPU.ActiveCfg = Debug|Any CPU
		{18258BAC-D705-4297-B625-1ACD9386B644}.Debug|Any CPU.Build.0 = Debug|Any CPU
		{18258BAC-D705-4297-B625-1ACD9386B644}.Release|Any CPU.ActiveCfg = Release|Any CPU
		{18258BAC-D705-4297-B625-1ACD9386B644}.Release|Any CPU.Build.0 = Release|Any CPU
		{34463C03-E4BD-44CE-996D-E7C6C440C8BE}.Debug|Any CPU.ActiveCfg = Debug|Any CPU
		{34463C03-E4BD-44CE-996D-E7C6C440C8BE}.Debug|Any CPU.Build.0 = Debug|Any CPU
		{34463C03-E4BD-44CE-996D-E7C6C440C8BE}.Release|Any CPU.ActiveCfg = Release|Any CPU
		{34463C03-E4BD-44CE-996D-E7C6C440C8BE}.Release|Any CPU.Build.0 = Release|Any CPU
		{228338D4-132B-4520-9423-515F9F7AAE8A}.Debug|Any CPU.ActiveCfg = Debug|Any CPU
		{228338D4-132B-4520-9423-515F9F7AAE8A}.Debug|Any CPU.Build.0 = Debug|Any CPU
		{228338D4-132B-4520-9423-515F9F7AAE8A}.Release|Any CPU.ActiveCfg = Release|Any CPU
		{228338D4-132B-4520-9423-515F9F7AAE8A}.Release|Any CPU.Build.0 = Release|Any CPU
		{91D8E82E-0103-4CFD-96C6-FC90DC2BB743}.Debug|Any CPU.ActiveCfg = Debug|Any CPU
		{91D8E82E-0103-4CFD-96C6-FC90DC2BB743}.Debug|Any CPU.Build.0 = Debug|Any CPU
		{91D8E82E-0103-4CFD-96C6-FC90DC2BB743}.Release|Any CPU.ActiveCfg = Release|Any CPU
		{91D8E82E-0103-4CFD-96C6-FC90DC2BB743}.Release|Any CPU.Build.0 = Release|Any CPU
		{DD79DE16-F1E0-4F3D-AA7F-2991B644E3D7}.Debug|Any CPU.ActiveCfg = Debug|Any CPU
		{DD79DE16-F1E0-4F3D-AA7F-2991B644E3D7}.Debug|Any CPU.Build.0 = Debug|Any CPU
		{DD79DE16-F1E0-4F3D-AA7F-2991B644E3D7}.Release|Any CPU.ActiveCfg = Release|Any CPU
		{DD79DE16-F1E0-4F3D-AA7F-2991B644E3D7}.Release|Any CPU.Build.0 = Release|Any CPU
		{36B78B6C-2A36-4033-A13D-1D46DD5F7409}.Debug|Any CPU.ActiveCfg = Debug|Any CPU
		{36B78B6C-2A36-4033-A13D-1D46DD5F7409}.Debug|Any CPU.Build.0 = Debug|Any CPU
		{36B78B6C-2A36-4033-A13D-1D46DD5F7409}.Release|Any CPU.ActiveCfg = Release|Any CPU
		{36B78B6C-2A36-4033-A13D-1D46DD5F7409}.Release|Any CPU.Build.0 = Release|Any CPU
	EndGlobalSection
	GlobalSection(SolutionProperties) = preSolution
		HideSolutionNode = FALSE
	EndGlobalSection
	GlobalSection(NestedProjects) = preSolution
		{5B7E8106-832F-48D2-810C-38664442A20C} = {A9880E6A-EC4C-4832-92D0-F16C098BE622}
		{18258BAC-D705-4297-B625-1ACD9386B644} = {DA0CCF68-0DDF-4421-8FF1-1B1DC74DEC5F}
		{34463C03-E4BD-44CE-996D-E7C6C440C8BE} = {7478780D-A729-4F86-9B36-60FBB35A3619}
		{228338D4-132B-4520-9423-515F9F7AAE8A} = {9A45D8DE-7DBD-4BFA-AA38-6E190CD2475B}
		{91D8E82E-0103-4CFD-96C6-FC90DC2BB743} = {9A45D8DE-7DBD-4BFA-AA38-6E190CD2475B}
		{DD79DE16-F1E0-4F3D-AA7F-2991B644E3D7} = {7478780D-A729-4F86-9B36-60FBB35A3619}
		{36B78B6C-2A36-4033-A13D-1D46DD5F7409} = {7478780D-A729-4F86-9B36-60FBB35A3619}
	EndGlobalSection
EndGlobal
